
Microsoft Visual Studio Solution File, Format Version 12.00
# Visual Studio Version 17
VisualStudioVersion = 17.0.31903.59
MinimumVisualStudioVersion = 10.0.40219.1
Project("{2150E333-8FDC-42A3-9474-1A3956D46DE8}") = "src", "src", "{D2EC2CA9-9A23-4CC9-BED4-2CAB4A3CCFAA}"
EndProject
Project("{FAE04EC0-301F-11D3-BF4B-00C04F79EFBC}") = "Chirp.Core", "src\Chirp.Core\Chirp.Core.csproj", "{3929397C-4D3D-45F2-9107-8808E84396D2}"
EndProject
Project("{2150E333-8FDC-42A3-9474-1A3956D46DE8}") = "Chirp.Infrastructure", "Chirp.Infrastructure", "{769869E0-4278-4EA7-89A1-EC0E79290317}"
EndProject
Project("{FAE04EC0-301F-11D3-BF4B-00C04F79EFBC}") = "Chirp.Repositories", "src\Chirp.Infrastructure\Chirp.Repositories\Chirp.Repositories.csproj", "{9825A64A-3F52-4066-8561-CAC95F835FA0}"
EndProject
Project("{FAE04EC0-301F-11D3-BF4B-00C04F79EFBC}") = "Chirp.Services", "src\Chirp.Infrastructure\Chirp.Services\Chirp.Services.csproj", "{67479AFC-3B9E-4050-ACE0-F0597EB908E6}"
EndProject
Project("{FAE04EC0-301F-11D3-BF4B-00C04F79EFBC}") = "Chirp.Web", "src\Chirp.Web\Chirp.Web.csproj", "{DD8D1CA7-F41A-4A40-A670-789B05B9D763}"
EndProject
Project("{FAE04EC0-301F-11D3-BF4B-00C04F79EFBC}") = "test", "test\test.csproj", "{A4A53CC7-F0AC-414C-ABA8-F9FD487D2154}"
EndProject
Global
	GlobalSection(SolutionConfigurationPlatforms) = preSolution
		Debug|Any CPU = Debug|Any CPU
		Release|Any CPU = Release|Any CPU
	EndGlobalSection
	GlobalSection(SolutionProperties) = preSolution
		HideSolutionNode = FALSE
	EndGlobalSection
	GlobalSection(ProjectConfigurationPlatforms) = postSolution
		{3929397C-4D3D-45F2-9107-8808E84396D2}.Debug|Any CPU.ActiveCfg = Debug|Any CPU
		{3929397C-4D3D-45F2-9107-8808E84396D2}.Debug|Any CPU.Build.0 = Debug|Any CPU
		{3929397C-4D3D-45F2-9107-8808E84396D2}.Release|Any CPU.ActiveCfg = Release|Any CPU
		{3929397C-4D3D-45F2-9107-8808E84396D2}.Release|Any CPU.Build.0 = Release|Any CPU
		{9825A64A-3F52-4066-8561-CAC95F835FA0}.Debug|Any CPU.ActiveCfg = Debug|Any CPU
		{9825A64A-3F52-4066-8561-CAC95F835FA0}.Debug|Any CPU.Build.0 = Debug|Any CPU
		{9825A64A-3F52-4066-8561-CAC95F835FA0}.Release|Any CPU.ActiveCfg = Release|Any CPU
		{9825A64A-3F52-4066-8561-CAC95F835FA0}.Release|Any CPU.Build.0 = Release|Any CPU
		{67479AFC-3B9E-4050-ACE0-F0597EB908E6}.Debug|Any CPU.ActiveCfg = Debug|Any CPU
		{67479AFC-3B9E-4050-ACE0-F0597EB908E6}.Debug|Any CPU.Build.0 = Debug|Any CPU
		{67479AFC-3B9E-4050-ACE0-F0597EB908E6}.Release|Any CPU.ActiveCfg = Release|Any CPU
		{67479AFC-3B9E-4050-ACE0-F0597EB908E6}.Release|Any CPU.Build.0 = Release|Any CPU
		{DD8D1CA7-F41A-4A40-A670-789B05B9D763}.Debug|Any CPU.ActiveCfg = Debug|Any CPU
		{DD8D1CA7-F41A-4A40-A670-789B05B9D763}.Debug|Any CPU.Build.0 = Debug|Any CPU
		{DD8D1CA7-F41A-4A40-A670-789B05B9D763}.Release|Any CPU.ActiveCfg = Release|Any CPU
		{DD8D1CA7-F41A-4A40-A670-789B05B9D763}.Release|Any CPU.Build.0 = Release|Any CPU
		{A4A53CC7-F0AC-414C-ABA8-F9FD487D2154}.Debug|Any CPU.ActiveCfg = Debug|Any CPU
		{A4A53CC7-F0AC-414C-ABA8-F9FD487D2154}.Debug|Any CPU.Build.0 = Debug|Any CPU
		{A4A53CC7-F0AC-414C-ABA8-F9FD487D2154}.Release|Any CPU.ActiveCfg = Release|Any CPU
		{A4A53CC7-F0AC-414C-ABA8-F9FD487D2154}.Release|Any CPU.Build.0 = Release|Any CPU
	EndGlobalSection
	GlobalSection(NestedProjects) = preSolution
		{3929397C-4D3D-45F2-9107-8808E84396D2} = {D2EC2CA9-9A23-4CC9-BED4-2CAB4A3CCFAA}
		{769869E0-4278-4EA7-89A1-EC0E79290317} = {D2EC2CA9-9A23-4CC9-BED4-2CAB4A3CCFAA}
		{9825A64A-3F52-4066-8561-CAC95F835FA0} = {769869E0-4278-4EA7-89A1-EC0E79290317}
		{67479AFC-3B9E-4050-ACE0-F0597EB908E6} = {769869E0-4278-4EA7-89A1-EC0E79290317}
		{DD8D1CA7-F41A-4A40-A670-789B05B9D763} = {D2EC2CA9-9A23-4CC9-BED4-2CAB4A3CCFAA}
	EndGlobalSection
EndGlobal
