
Microsoft Visual Studio Solution File, Format Version 12.00
# Visual Studio Version 17
VisualStudioVersion = 17.0.31903.59
MinimumVisualStudioVersion = 10.0.40219.1
Project("{2150E333-8FDC-42A3-9474-1A3956D46DE8}") = "src", "src", "{DF7B9185-9048-4D67-BA38-D06E31A9307D}"
EndProject
Project("{FAE04EC0-301F-11D3-BF4B-00C04F79EFBC}") = "Chirp.Razor", "src\Chirp.Razor\Chirp.Razor.csproj", "{74E509A7-3A44-4E6C-BEFC-D22D73A5AC68}"
EndProject
Global
	GlobalSection(SolutionConfigurationPlatforms) = preSolution
		Debug|Any CPU = Debug|Any CPU
		Release|Any CPU = Release|Any CPU
	EndGlobalSection
	GlobalSection(SolutionProperties) = preSolution
		HideSolutionNode = FALSE
	EndGlobalSection
	GlobalSection(ProjectConfigurationPlatforms) = postSolution
		{74E509A7-3A44-4E6C-BEFC-D22D73A5AC68}.Debug|Any CPU.ActiveCfg = Debug|Any CPU
		{74E509A7-3A44-4E6C-BEFC-D22D73A5AC68}.Debug|Any CPU.Build.0 = Debug|Any CPU
		{74E509A7-3A44-4E6C-BEFC-D22D73A5AC68}.Release|Any CPU.ActiveCfg = Release|Any CPU
		{74E509A7-3A44-4E6C-BEFC-D22D73A5AC68}.Release|Any CPU.Build.0 = Release|Any CPU
	EndGlobalSection
	GlobalSection(NestedProjects) = preSolution
		{74E509A7-3A44-4E6C-BEFC-D22D73A5AC68} = {DF7B9185-9048-4D67-BA38-D06E31A9307D}
	EndGlobalSection
EndGlobal
